
Microsoft Visual Studio Solution File, Format Version 12.00
# Visual Studio 15
VisualStudioVersion = 15.0.28307.271
MinimumVisualStudioVersion = 10.0.40219.1
Project("{FAE04EC0-301F-11D3-BF4B-00C04F79EFBC}") = "Dashboard", "Dashboard\Dashboard.csproj", "{523B8646-478B-4F42-ADE6-641439702D65}"
EndProject
Project("{FAE04EC0-301F-11D3-BF4B-00C04F79EFBC}") = "AgentClickForm", "AgentClickForm\AgentClickForm.csproj", "{970D1AB8-B0F1-45D3-A725-EE70E20ABDDF}"
EndProject
Global
	GlobalSection(SolutionConfigurationPlatforms) = preSolution
		Debug|Any CPU = Debug|Any CPU
		Release|Any CPU = Release|Any CPU
	EndGlobalSection
	GlobalSection(ProjectConfigurationPlatforms) = postSolution
		{523B8646-478B-4F42-ADE6-641439702D65}.Debug|Any CPU.ActiveCfg = Debug|Any CPU
		{523B8646-478B-4F42-ADE6-641439702D65}.Debug|Any CPU.Build.0 = Debug|Any CPU
		{523B8646-478B-4F42-ADE6-641439702D65}.Release|Any CPU.ActiveCfg = Release|Any CPU
		{523B8646-478B-4F42-ADE6-641439702D65}.Release|Any CPU.Build.0 = Release|Any CPU
		{970D1AB8-B0F1-45D3-A725-EE70E20ABDDF}.Debug|Any CPU.ActiveCfg = Debug|Any CPU
		{970D1AB8-B0F1-45D3-A725-EE70E20ABDDF}.Debug|Any CPU.Build.0 = Debug|Any CPU
		{970D1AB8-B0F1-45D3-A725-EE70E20ABDDF}.Release|Any CPU.ActiveCfg = Release|Any CPU
		{970D1AB8-B0F1-45D3-A725-EE70E20ABDDF}.Release|Any CPU.Build.0 = Release|Any CPU
	EndGlobalSection
	GlobalSection(SolutionProperties) = preSolution
		HideSolutionNode = FALSE
	EndGlobalSection
	GlobalSection(ExtensibilityGlobals) = postSolution
		SolutionGuid = {C85E21C1-BCBA-493E-A86D-EC6A83888A5E}
	EndGlobalSection
	GlobalSection(TeamFoundationVersionControl) = preSolution
		SccNumberOfProjects = 3
		SccEnterpriseProvider = {4CA58AB2-18FA-4F8D-95D4-32DDF27D184C}
		SccTeamFoundationServer = http://10.46.252.35:8080/tfs/defaultcollection
		SccLocalPath0 = .
		SccProjectUniqueName1 = AgentClickForm\\AgentClickForm.csproj
		SccProjectName1 = AgentClickForm
		SccLocalPath1 = AgentClickForm
		SccProjectUniqueName2 = Dashboard\\Dashboard.csproj
		SccProjectName2 = Dashboard
		SccLocalPath2 = Dashboard
	EndGlobalSection
EndGlobal
